// !$*UTF8*$!
{
	archiveVersion = 1;
	classes = {
	};
	objectVersion = 48;
	objects = {

/* Begin PBXBuildFile section */
		1851095816363B72C81C1C95 /* libPods-Sqlite_KeyValue.a in Frameworks */ = {isa = PBXBuildFile; fileRef = 1F822DE991A3AD118FEEA0C9 /* libPods-Sqlite_KeyValue.a */; };
		2D8052FC1F9D7BA100B81ACC /* AppDelegate.m in Sources */ = {isa = PBXBuildFile; fileRef = 2D8052FB1F9D7BA100B81ACC /* AppDelegate.m */; };
		2D8052FF1F9D7BA100B81ACC /* ViewController.m in Sources */ = {isa = PBXBuildFile; fileRef = 2D8052FE1F9D7BA100B81ACC /* ViewController.m */; };
		2D8053021F9D7BA100B81ACC /* Main.storyboard in Resources */ = {isa = PBXBuildFile; fileRef = 2D8053001F9D7BA100B81ACC /* Main.storyboard */; };
		2D8053041F9D7BA100B81ACC /* Assets.xcassets in Resources */ = {isa = PBXBuildFile; fileRef = 2D8053031F9D7BA100B81ACC /* Assets.xcassets */; };
		2D8053071F9D7BA100B81ACC /* LaunchScreen.storyboard in Resources */ = {isa = PBXBuildFile; fileRef = 2D8053051F9D7BA100B81ACC /* LaunchScreen.storyboard */; };
		2D80530A1F9D7BA100B81ACC /* main.m in Sources */ = {isa = PBXBuildFile; fileRef = 2D8053091F9D7BA100B81ACC /* main.m */; };
		2D8053131F9D7C6D00B81ACC /* HHKeyValue.m in Sources */ = {isa = PBXBuildFile; fileRef = 2D8053121F9D7C6D00B81ACC /* HHKeyValue.m */; };
		2D8053151F9D7DCB00B81ACC /* libsqlite3.tbd in Frameworks */ = {isa = PBXBuildFile; fileRef = 2D8053141F9D7DCB00B81ACC /* libsqlite3.tbd */; };
		2D8053181F9D7F9900B81ACC /* YTKKeyValueStore.m in Sources */ = {isa = PBXBuildFile; fileRef = 2D8053161F9D7F9900B81ACC /* YTKKeyValueStore.m */; };
/* End PBXBuildFile section */

/* Begin PBXFileReference section */
		1F822DE991A3AD118FEEA0C9 /* libPods-Sqlite_KeyValue.a */ = {isa = PBXFileReference; explicitFileType = archive.ar; includeInIndex = 0; path = "libPods-Sqlite_KeyValue.a"; sourceTree = BUILT_PRODUCTS_DIR; };
		2AF6F7C55695CF839EB323E3 /* Pods-Sqlite_KeyValue.debug.xcconfig */ = {isa = PBXFileReference; includeInIndex = 1; lastKnownFileType = text.xcconfig; name = "Pods-Sqlite_KeyValue.debug.xcconfig"; path = "Pods/Target Support Files/Pods-Sqlite_KeyValue/Pods-Sqlite_KeyValue.debug.xcconfig"; sourceTree = "<group>"; };
		2D8052F71F9D7BA100B81ACC /* Sqlite_KeyValue.app */ = {isa = PBXFileReference; explicitFileType = wrapper.application; includeInIndex = 0; path = Sqlite_KeyValue.app; sourceTree = BUILT_PRODUCTS_DIR; };
		2D8052FA1F9D7BA100B81ACC /* AppDelegate.h */ = {isa = PBXFileReference; lastKnownFileType = sourcecode.c.h; path = AppDelegate.h; sourceTree = "<group>"; };
		2D8052FB1F9D7BA100B81ACC /* AppDelegate.m */ = {isa = PBXFileReference; lastKnownFileType = sourcecode.c.objc; path = AppDelegate.m; sourceTree = "<group>"; };
		2D8052FD1F9D7BA100B81ACC /* ViewController.h */ = {isa = PBXFileReference; lastKnownFileType = sourcecode.c.h; path = ViewController.h; sourceTree = "<group>"; };
		2D8052FE1F9D7BA100B81ACC /* ViewController.m */ = {isa = PBXFileReference; lastKnownFileType = sourcecode.c.objc; path = ViewController.m; sourceTree = "<group>"; };
		2D8053011F9D7BA100B81ACC /* Base */ = {isa = PBXFileReference; lastKnownFileType = file.storyboard; name = Base; path = Base.lproj/Main.storyboard; sourceTree = "<group>"; };
		2D8053031F9D7BA100B81ACC /* Assets.xcassets */ = {isa = PBXFileReference; lastKnownFileType = folder.assetcatalog; path = Assets.xcassets; sourceTree = "<group>"; };
		2D8053061F9D7BA100B81ACC /* Base */ = {isa = PBXFileReference; lastKnownFileType = file.storyboard; name = Base; path = Base.lproj/LaunchScreen.storyboard; sourceTree = "<group>"; };
		2D8053081F9D7BA100B81ACC /* Info.plist */ = {isa = PBXFileReference; lastKnownFileType = text.plist.xml; path = Info.plist; sourceTree = "<group>"; };
		2D8053091F9D7BA100B81ACC /* main.m */ = {isa = PBXFileReference; lastKnownFileType = sourcecode.c.objc; path = main.m; sourceTree = "<group>"; };
		2D8053111F9D7C6D00B81ACC /* HHKeyValue.h */ = {isa = PBXFileReference; lastKnownFileType = sourcecode.c.h; path = HHKeyValue.h; sourceTree = "<group>"; };
		2D8053121F9D7C6D00B81ACC /* HHKeyValue.m */ = {isa = PBXFileReference; lastKnownFileType = sourcecode.c.objc; path = HHKeyValue.m; sourceTree = "<group>"; };
		2D8053141F9D7DCB00B81ACC /* libsqlite3.tbd */ = {isa = PBXFileReference; lastKnownFileType = "sourcecode.text-based-dylib-definition"; name = libsqlite3.tbd; path = usr/lib/libsqlite3.tbd; sourceTree = SDKROOT; };
		2D8053161F9D7F9900B81ACC /* YTKKeyValueStore.m */ = {isa = PBXFileReference; fileEncoding = 4; lastKnownFileType = sourcecode.c.objc; path = YTKKeyValueStore.m; sourceTree = "<group>"; };
		2D8053171F9D7F9900B81ACC /* YTKKeyValueStore.h */ = {isa = PBXFileReference; fileEncoding = 4; lastKnownFileType = sourcecode.c.h; path = YTKKeyValueStore.h; sourceTree = "<group>"; };
		E539907EDE4591AC3BB7652D /* Pods-Sqlite_KeyValue.release.xcconfig */ = {isa = PBXFileReference; includeInIndex = 1; lastKnownFileType = text.xcconfig; name = "Pods-Sqlite_KeyValue.release.xcconfig"; path = "Pods/Target Support Files/Pods-Sqlite_KeyValue/Pods-Sqlite_KeyValue.release.xcconfig"; sourceTree = "<group>"; };
/* End PBXFileReference section */

/* Begin PBXFrameworksBuildPhase section */
		2D8052F41F9D7BA100B81ACC /* Frameworks */ = {
			isa = PBXFrameworksBuildPhase;
			buildActionMask = 2147483647;
			files = (
				2D8053151F9D7DCB00B81ACC /* libsqlite3.tbd in Frameworks */,
				1851095816363B72C81C1C95 /* libPods-Sqlite_KeyValue.a in Frameworks */,
			);
			runOnlyForDeploymentPostprocessing = 0;
		};
/* End PBXFrameworksBuildPhase section */

/* Begin PBXGroup section */
		2D8052EE1F9D7BA100B81ACC = {
			isa = PBXGroup;
			children = (
				2D8053101F9D7C2B00B81ACC /* Code */,
				2D8052F91F9D7BA100B81ACC /* Sqlite_KeyValue */,
				2D8052F81F9D7BA100B81ACC /* Products */,
				C7AE4EBE2FDB28A7051B481F /* Pods */,
				E56055311B4B58D36EF178EA /* Frameworks */,
			);
			sourceTree = "<group>";
		};
		2D8052F81F9D7BA100B81ACC /* Products */ = {
			isa = PBXGroup;
			children = (
				2D8052F71F9D7BA100B81ACC /* Sqlite_KeyValue.app */,
			);
			name = Products;
			sourceTree = "<group>";
		};
		2D8052F91F9D7BA100B81ACC /* Sqlite_KeyValue */ = {
			isa = PBXGroup;
			children = (
				2D8052FA1F9D7BA100B81ACC /* AppDelegate.h */,
				2D8052FB1F9D7BA100B81ACC /* AppDelegate.m */,
				2D8052FD1F9D7BA100B81ACC /* ViewController.h */,
				2D8052FE1F9D7BA100B81ACC /* ViewController.m */,
				2D8053001F9D7BA100B81ACC /* Main.storyboard */,
				2D8053031F9D7BA100B81ACC /* Assets.xcassets */,
				2D8053051F9D7BA100B81ACC /* LaunchScreen.storyboard */,
				2D8053081F9D7BA100B81ACC /* Info.plist */,
				2D8053091F9D7BA100B81ACC /* main.m */,
			);
			path = Sqlite_KeyValue;
			sourceTree = "<group>";
		};
		2D8053101F9D7C2B00B81ACC /* Code */ = {
			isa = PBXGroup;
			children = (
				2D8053171F9D7F9900B81ACC /* YTKKeyValueStore.h */,
				2D8053161F9D7F9900B81ACC /* YTKKeyValueStore.m */,
				2D8053111F9D7C6D00B81ACC /* HHKeyValue.h */,
				2D8053121F9D7C6D00B81ACC /* HHKeyValue.m */,
			);
			path = Code;
			sourceTree = "<group>";
		};
		C7AE4EBE2FDB28A7051B481F /* Pods */ = {
			isa = PBXGroup;
			children = (
				2AF6F7C55695CF839EB323E3 /* Pods-Sqlite_KeyValue.debug.xcconfig */,
				E539907EDE4591AC3BB7652D /* Pods-Sqlite_KeyValue.release.xcconfig */,
			);
			name = Pods;
			sourceTree = "<group>";
		};
		E56055311B4B58D36EF178EA /* Frameworks */ = {
			isa = PBXGroup;
			children = (
				2D8053141F9D7DCB00B81ACC /* libsqlite3.tbd */,
				1F822DE991A3AD118FEEA0C9 /* libPods-Sqlite_KeyValue.a */,
			);
			name = Frameworks;
			sourceTree = "<group>";
		};
/* End PBXGroup section */

/* Begin PBXNativeTarget section */
		2D8052F61F9D7BA100B81ACC /* Sqlite_KeyValue */ = {
			isa = PBXNativeTarget;
			buildConfigurationList = 2D80530D1F9D7BA100B81ACC /* Build configuration list for PBXNativeTarget "Sqlite_KeyValue" */;
			buildPhases = (
				5E532E6BFB9F0110A4080E30 /* [CP] Check Pods Manifest.lock */,
				2D8052F31F9D7BA100B81ACC /* Sources */,
				2D8052F41F9D7BA100B81ACC /* Frameworks */,
				2D8052F51F9D7BA100B81ACC /* Resources */,
				389DE2E9B743FEBCE5F131AA /* [CP] Embed Pods Frameworks */,
				5E8A4ECEE05160B79BA6A126 /* [CP] Copy Pods Resources */,
			);
			buildRules = (
			);
			dependencies = (
			);
			name = Sqlite_KeyValue;
			productName = Sqlite_KeyValue;
			productReference = 2D8052F71F9D7BA100B81ACC /* Sqlite_KeyValue.app */;
			productType = "com.apple.product-type.application";
		};
/* End PBXNativeTarget section */

/* Begin PBXProject section */
		2D8052EF1F9D7BA100B81ACC /* Project object */ = {
			isa = PBXProject;
			attributes = {
				LastUpgradeCheck = 0900;
				ORGANIZATIONNAME = maoziyue;
				TargetAttributes = {
					2D8052F61F9D7BA100B81ACC = {
						CreatedOnToolsVersion = 9.0.1;
						ProvisioningStyle = Automatic;
					};
				};
			};
			buildConfigurationList = 2D8052F21F9D7BA100B81ACC /* Build configuration list for PBXProject "Sqlite_KeyValue" */;
			compatibilityVersion = "Xcode 8.0";
			developmentRegion = en;
			hasScannedForEncodings = 0;
			knownRegions = (
				en,
				Base,
			);
			mainGroup = 2D8052EE1F9D7BA100B81ACC;
			productRefGroup = 2D8052F81F9D7BA100B81ACC /* Products */;
			projectDirPath = "";
			projectRoot = "";
			targets = (
				2D8052F61F9D7BA100B81ACC /* Sqlite_KeyValue */,
			);
		};
/* End PBXProject section */

/* Begin PBXResourcesBuildPhase section */
		2D8052F51F9D7BA100B81ACC /* Resources */ = {
			isa = PBXResourcesBuildPhase;
			buildActionMask = 2147483647;
			files = (
				2D8053071F9D7BA100B81ACC /* LaunchScreen.storyboard in Resources */,
				2D8053041F9D7BA100B81ACC /* Assets.xcassets in Resources */,
				2D8053021F9D7BA100B81ACC /* Main.storyboard in Resources */,
			);
			runOnlyForDeploymentPostprocessing = 0;
		};
/* End PBXResourcesBuildPhase section */

/* Begin PBXShellScriptBuildPhase section */
		389DE2E9B743FEBCE5F131AA /* [CP] Embed Pods Frameworks */ = {
			isa = PBXShellScriptBuildPhase;
			buildActionMask = 2147483647;
			files = (
			);
			inputPaths = (
			);
			name = "[CP] Embed Pods Frameworks";
			outputPaths = (
			);
			runOnlyForDeploymentPostprocessing = 0;
			shellPath = /bin/sh;
			shellScript = "\"${SRCROOT}/Pods/Target Support Files/Pods-Sqlite_KeyValue/Pods-Sqlite_KeyValue-frameworks.sh\"\n";
			showEnvVarsInLog = 0;
		};
		5E532E6BFB9F0110A4080E30 /* [CP] Check Pods Manifest.lock */ = {
			isa = PBXShellScriptBuildPhase;
			buildActionMask = 2147483647;
			files = (
			);
			inputPaths = (
				"${PODS_PODFILE_DIR_PATH}/Podfile.lock",
				"${PODS_ROOT}/Manifest.lock",
			);
			name = "[CP] Check Pods Manifest.lock";
			outputPaths = (
				"$(DERIVED_FILE_DIR)/Pods-Sqlite_KeyValue-checkManifestLockResult.txt",
			);
			runOnlyForDeploymentPostprocessing = 0;
			shellPath = /bin/sh;
			shellScript = "diff \"${PODS_PODFILE_DIR_PATH}/Podfile.lock\" \"${PODS_ROOT}/Manifest.lock\" > /dev/null\nif [ $? != 0 ] ; then\n    # print error to STDERR\n    echo \"error: The sandbox is not in sync with the Podfile.lock. Run 'pod install' or update your CocoaPods installation.\" >&2\n    exit 1\nfi\n# This output is used by Xcode 'outputs' to avoid re-running this script phase.\necho \"SUCCESS\" > \"${SCRIPT_OUTPUT_FILE_0}\"\n";
			showEnvVarsInLog = 0;
		};
		5E8A4ECEE05160B79BA6A126 /* [CP] Copy Pods Resources */ = {
			isa = PBXShellScriptBuildPhase;
			buildActionMask = 2147483647;
			files = (
			);
			inputPaths = (
			);
			name = "[CP] Copy Pods Resources";
			outputPaths = (
			);
			runOnlyForDeploymentPostprocessing = 0;
			shellPath = /bin/sh;
			shellScript = "\"${SRCROOT}/Pods/Target Support Files/Pods-Sqlite_KeyValue/Pods-Sqlite_KeyValue-resources.sh\"\n";
			showEnvVarsInLog = 0;
		};
/* End PBXShellScriptBuildPhase section */

/* Begin PBXSourcesBuildPhase section */
		2D8052F31F9D7BA100B81ACC /* Sources */ = {
			isa = PBXSourcesBuildPhase;
			buildActionMask = 2147483647;
			files = (
				2D8052FF1F9D7BA100B81ACC /* ViewController.m in Sources */,
				2D8053131F9D7C6D00B81ACC /* HHKeyValue.m in Sources */,
				2D80530A1F9D7BA100B81ACC /* main.m in Sources */,
				2D8053181F9D7F9900B81ACC /* YTKKeyValueStore.m in Sources */,
				2D8052FC1F9D7BA100B81ACC /* AppDelegate.m in Sources */,
			);
			runOnlyForDeploymentPostprocessing = 0;
		};
/* End PBXSourcesBuildPhase section */

/* Begin PBXVariantGroup section */
		2D8053001F9D7BA100B81ACC /* Main.storyboard */ = {
			isa = PBXVariantGroup;
			children = (
				2D8053011F9D7BA100B81ACC /* Base */,
			);
			name = Main.storyboard;
			sourceTree = "<group>";
		};
		2D8053051F9D7BA100B81ACC /* LaunchScreen.storyboard */ = {
			isa = PBXVariantGroup;
			children = (
				2D8053061F9D7BA100B81ACC /* Base */,
			);
			name = LaunchScreen.storyboard;
			sourceTree = "<group>";
		};
/* End PBXVariantGroup section */

/* Begin XCBuildConfiguration section */
		2D80530B1F9D7BA100B81ACC /* Debug */ = {
			isa = XCBuildConfiguration;
			buildSettings = {
				ALWAYS_SEARCH_USER_PATHS = NO;
				CLANG_ANALYZER_NONNULL = YES;
				CLANG_ANALYZER_NUMBER_OBJECT_CONVERSION = YES_AGGRESSIVE;
				CLANG_CXX_LANGUAGE_STANDARD = "gnu++14";
				CLANG_CXX_LIBRARY = "libc++";
				CLANG_ENABLE_MODULES = YES;
				CLANG_ENABLE_OBJC_ARC = YES;
				CLANG_WARN_BLOCK_CAPTURE_AUTORELEASING = YES;
				CLANG_WARN_BOOL_CONVERSION = YES;
				CLANG_WARN_COMMA = YES;
				CLANG_WARN_CONSTANT_CONVERSION = YES;
				CLANG_WARN_DIRECT_OBJC_ISA_USAGE = YES_ERROR;
				CLANG_WARN_DOCUMENTATION_COMMENTS = YES;
				CLANG_WARN_EMPTY_BODY = YES;
				CLANG_WARN_ENUM_CONVERSION = YES;
				CLANG_WARN_INFINITE_RECURSION = YES;
				CLANG_WARN_INT_CONVERSION = YES;
				CLANG_WARN_NON_LITERAL_NULL_CONVERSION = YES;
				CLANG_WARN_OBJC_LITERAL_CONVERSION = YES;
				CLANG_WARN_OBJC_ROOT_CLASS = YES_ERROR;
				CLANG_WARN_RANGE_LOOP_ANALYSIS = YES;
				CLANG_WARN_STRICT_PROTOTYPES = YES;
				CLANG_WARN_SUSPICIOUS_MOVE = YES;
				CLANG_WARN_UNGUARDED_AVAILABILITY = YES_AGGRESSIVE;
				CLANG_WARN_UNREACHABLE_CODE = YES;
				CLANG_WARN__DUPLICATE_METHOD_MATCH = YES;
				CODE_SIGN_IDENTITY = "iPhone Developer";
				COPY_PHASE_STRIP = NO;
				DEBUG_INFORMATION_FORMAT = dwarf;
				ENABLE_STRICT_OBJC_MSGSEND = YES;
				ENABLE_TESTABILITY = YES;
				GCC_C_LANGUAGE_STANDARD = gnu11;
				GCC_DYNAMIC_NO_PIC = NO;
				GCC_NO_COMMON_BLOCKS = YES;
				GCC_OPTIMIZATION_LEVEL = 0;
				GCC_PREPROCESSOR_DEFINITIONS = (
					"DEBUG=1",
					"$(inherited)",
				);
				GCC_WARN_64_TO_32_BIT_CONVERSION = YES;
				GCC_WARN_ABOUT_RETURN_TYPE = YES_ERROR;
				GCC_WARN_UNDECLARED_SELECTOR = YES;
				GCC_WARN_UNINITIALIZED_AUTOS = YES_AGGRESSIVE;
				GCC_WARN_UNUSED_FUNCTION = YES;
				GCC_WARN_UNUSED_VARIABLE = YES;
				IPHONEOS_DEPLOYMENT_TARGET = 11.0;
				MTL_ENABLE_DEBUG_INFO = YES;
				ONLY_ACTIVE_ARCH = YES;
				SDKROOT = iphoneos;
			};
			name = Debug;
		};
		2D80530C1F9D7BA100B81ACC /* Release */ = {
			isa = XCBuildConfiguration;
			buildSettings = {
				ALWAYS_SEARCH_USER_PATHS = NO;
				CLANG_ANALYZER_NONNULL = YES;
				CLANG_ANALYZER_NUMBER_OBJECT_CONVERSION = YES_AGGRESSIVE;
				CLANG_CXX_LANGUAGE_STANDARD = "gnu++14";
				CLANG_CXX_LIBRARY = "libc++";
				CLANG_ENABLE_MODULES = YES;
				CLANG_ENABLE_OBJC_ARC = YES;
				CLANG_WARN_BLOCK_CAPTURE_AUTORELEASING = YES;
				CLANG_WARN_BOOL_CONVERSION = YES;
				CLANG_WARN_COMMA = YES;
				CLANG_WARN_CONSTANT_CONVERSION = YES;
				CLANG_WARN_DIRECT_OBJC_ISA_USAGE = YES_ERROR;
				CLANG_WARN_DOCUMENTATION_COMMENTS = YES;
				CLANG_WARN_EMPTY_BODY = YES;
				CLANG_WARN_ENUM_CONVERSION = YES;
				CLANG_WARN_INFINITE_RECURSION = YES;
				CLANG_WARN_INT_CONVERSION = YES;
				CLANG_WARN_NON_LITERAL_NULL_CONVERSION = YES;
				CLANG_WARN_OBJC_LITERAL_CONVERSION = YES;
				CLANG_WARN_OBJC_ROOT_CLASS = YES_ERROR;
				CLANG_WARN_RANGE_LOOP_ANALYSIS = YES;
				CLANG_WARN_STRICT_PROTOTYPES = YES;
				CLANG_WARN_SUSPICIOUS_MOVE = YES;
				CLANG_WARN_UNGUARDED_AVAILABILITY = YES_AGGRESSIVE;
				CLANG_WARN_UNREACHABLE_CODE = YES;
				CLANG_WARN__DUPLICATE_METHOD_MATCH = YES;
				CODE_SIGN_IDENTITY = "iPhone Developer";
				COPY_PHASE_STRIP = NO;
				DEBUG_INFORMATION_FORMAT = "dwarf-with-dsym";
				ENABLE_NS_ASSERTIONS = NO;
				ENABLE_STRICT_OBJC_MSGSEND = YES;
				GCC_C_LANGUAGE_STANDARD = gnu11;
				GCC_NO_COMMON_BLOCKS = YES;
				GCC_WARN_64_TO_32_BIT_CONVERSION = YES;
				GCC_WARN_ABOUT_RETURN_TYPE = YES_ERROR;
				GCC_WARN_UNDECLARED_SELECTOR = YES;
				GCC_WARN_UNINITIALIZED_AUTOS = YES_AGGRESSIVE;
				GCC_WARN_UNUSED_FUNCTION = YES;
				GCC_WARN_UNUSED_VARIABLE = YES;
				IPHONEOS_DEPLOYMENT_TARGET = 11.0;
				MTL_ENABLE_DEBUG_INFO = NO;
				SDKROOT = iphoneos;
				VALIDATE_PRODUCT = YES;
			};
			name = Release;
		};
		2D80530E1F9D7BA100B81ACC /* Debug */ = {
			isa = XCBuildConfiguration;
			baseConfigurationReference = 2AF6F7C55695CF839EB323E3 /* Pods-Sqlite_KeyValue.debug.xcconfig */;
			buildSettings = {
				ASSETCATALOG_COMPILER_APPICON_NAME = AppIcon;
				CODE_SIGN_STYLE = Automatic;
				DEVELOPMENT_TEAM = U849E38UE8;
				INFOPLIST_FILE = Sqlite_KeyValue/Info.plist;
				IPHONEOS_DEPLOYMENT_TARGET = 9.0;
				LD_RUNPATH_SEARCH_PATHS = "$(inherited) @executable_path/Frameworks";
				PRODUCT_BUNDLE_IDENTIFIER = "maoziyue.Sqlite-KeyValue";
				PRODUCT_NAME = "$(TARGET_NAME)";
				TARGETED_DEVICE_FAMILY = "1,2";
			};
			name = Debug;
		};
		2D80530F1F9D7BA100B81ACC /* Release */ = {
			isa = XCBuildConfiguration;
			baseConfigurationReference = E539907EDE4591AC3BB7652D /* Pods-Sqlite_KeyValue.release.xcconfig */;
			buildSettings = {
				ASSETCATALOG_COMPILER_APPICON_NAME = AppIcon;
				CODE_SIGN_STYLE = Automatic;
				DEVELOPMENT_TEAM = U849E38UE8;
				INFOPLIST_FILE = Sqlite_KeyValue/Info.plist;
				IPHONEOS_DEPLOYMENT_TARGET = 9.0;
				LD_RUNPATH_SEARCH_PATHS = "$(inherited) @executable_path/Frameworks";
				PRODUCT_BUNDLE_IDENTIFIER = "maoziyue.Sqlite-KeyValue";
				PRODUCT_NAME = "$(TARGET_NAME)";
				TARGETED_DEVICE_FAMILY = "1,2";
			};
			name = Release;
		};
/* End XCBuildConfiguration section */

/* Begin XCConfigurationList section */
		2D8052F21F9D7BA100B81ACC /* Build configuration list for PBXProject "Sqlite_KeyValue" */ = {
			isa = XCConfigurationList;
			buildConfigurations = (
				2D80530B1F9D7BA100B81ACC /* Debug */,
				2D80530C1F9D7BA100B81ACC /* Release */,
			);
			defaultConfigurationIsVisible = 0;
			defaultConfigurationName = Release;
		};
		2D80530D1F9D7BA100B81ACC /* Build configuration list for PBXNativeTarget "Sqlite_KeyValue" */ = {
			isa = XCConfigurationList;
			buildConfigurations = (
				2D80530E1F9D7BA100B81ACC /* Debug */,
				2D80530F1F9D7BA100B81ACC /* Release */,
			);
			defaultConfigurationIsVisible = 0;
			defaultConfigurationName = Release;
		};
/* End XCConfigurationList section */
	};
	rootObject = 2D8052EF1F9D7BA100B81ACC /* Project object */;
}
